
Microsoft Visual Studio Solution File, Format Version 12.00
# Visual Studio Version 16
VisualStudioVersion = 16.0.29728.190
MinimumVisualStudioVersion = 10.0.40219.1
Project("{FAE04EC0-301F-11D3-BF4B-00C04F79EFBC}") = "Year2Sem1Week4Ex1", "Year2Sem1Week4Ex1\Year2Sem1Week4Ex1.csproj", "{83AB6EAD-447C-4FA7-A88E-890CF6D29C81}"
EndProject
Project("{FAE04EC0-301F-11D3-BF4B-00C04F79EFBC}") = "Year2Sem1Week4Ex2", "Year2Sem1Week4Ex2\Year2Sem1Week4Ex2.csproj", "{54E8D336-E580-4FB4-9852-D136B8C1509B}"
EndProject
Project("{FAE04EC0-301F-11D3-BF4B-00C04F79EFBC}") = "Year2Sem1Week4Ex3", "Year2Sem1Week4Ex3\Year2Sem1Week4Ex3.csproj", "{61669F8C-EB2F-4F66-8758-366B4D0DF1D6}"
EndProject
Project("{FAE04EC0-301F-11D3-BF4B-00C04F79EFBC}") = "Year2Sem1Week4Ex6", "Year2Sem1Week4Ex4\Year2Sem1Week4Ex6.csproj", "{1ABB85A2-CDAA-4675-9D75-AF5852D21284}"
EndProject
Global
	GlobalSection(SolutionConfigurationPlatforms) = preSolution
		Debug|Any CPU = Debug|Any CPU
		Release|Any CPU = Release|Any CPU
	EndGlobalSection
	GlobalSection(ProjectConfigurationPlatforms) = postSolution
		{83AB6EAD-447C-4FA7-A88E-890CF6D29C81}.Debug|Any CPU.ActiveCfg = Debug|Any CPU
		{83AB6EAD-447C-4FA7-A88E-890CF6D29C81}.Debug|Any CPU.Build.0 = Debug|Any CPU
		{83AB6EAD-447C-4FA7-A88E-890CF6D29C81}.Release|Any CPU.ActiveCfg = Release|Any CPU
		{83AB6EAD-447C-4FA7-A88E-890CF6D29C81}.Release|Any CPU.Build.0 = Release|Any CPU
		{54E8D336-E580-4FB4-9852-D136B8C1509B}.Debug|Any CPU.ActiveCfg = Debug|Any CPU
		{54E8D336-E580-4FB4-9852-D136B8C1509B}.Debug|Any CPU.Build.0 = Debug|Any CPU
		{54E8D336-E580-4FB4-9852-D136B8C1509B}.Release|Any CPU.ActiveCfg = Release|Any CPU
		{54E8D336-E580-4FB4-9852-D136B8C1509B}.Release|Any CPU.Build.0 = Release|Any CPU
		{61669F8C-EB2F-4F66-8758-366B4D0DF1D6}.Debug|Any CPU.ActiveCfg = Debug|Any CPU
		{61669F8C-EB2F-4F66-8758-366B4D0DF1D6}.Debug|Any CPU.Build.0 = Debug|Any CPU
		{61669F8C-EB2F-4F66-8758-366B4D0DF1D6}.Release|Any CPU.ActiveCfg = Release|Any CPU
		{61669F8C-EB2F-4F66-8758-366B4D0DF1D6}.Release|Any CPU.Build.0 = Release|Any CPU
		{1ABB85A2-CDAA-4675-9D75-AF5852D21284}.Debug|Any CPU.ActiveCfg = Debug|Any CPU
		{1ABB85A2-CDAA-4675-9D75-AF5852D21284}.Debug|Any CPU.Build.0 = Debug|Any CPU
		{1ABB85A2-CDAA-4675-9D75-AF5852D21284}.Release|Any CPU.ActiveCfg = Release|Any CPU
		{1ABB85A2-CDAA-4675-9D75-AF5852D21284}.Release|Any CPU.Build.0 = Release|Any CPU
	EndGlobalSection
	GlobalSection(SolutionProperties) = preSolution
		HideSolutionNode = FALSE
	EndGlobalSection
	GlobalSection(ExtensibilityGlobals) = postSolution
		SolutionGuid = {FF11BAB1-F195-411A-BC23-86C7D70AD4BB}
	EndGlobalSection
EndGlobal
